
Microsoft Visual Studio Solution File, Format Version 12.00
# Visual Studio Version 17
VisualStudioVersion = 17.3.32804.467
MinimumVisualStudioVersion = 10.0.40219.1
Project("{FAE04EC0-301F-11D3-BF4B-00C04F79EFBC}") = "Actividad 1.3 Banco.Reportes", "Actividad 1.3 Banco.Reportes\Actividad 1.3 Banco.Reportes.csproj", "{2E53A3E6-D5F9-4514-B34B-BD9403BC83A8}"
EndProject
Global
	GlobalSection(SolutionConfigurationPlatforms) = preSolution
		Debug|Any CPU = Debug|Any CPU
		Release|Any CPU = Release|Any CPU
	EndGlobalSection
	GlobalSection(ProjectConfigurationPlatforms) = postSolution
		{2E53A3E6-D5F9-4514-B34B-BD9403BC83A8}.Debug|Any CPU.ActiveCfg = Debug|Any CPU
		{2E53A3E6-D5F9-4514-B34B-BD9403BC83A8}.Debug|Any CPU.Build.0 = Debug|Any CPU
		{2E53A3E6-D5F9-4514-B34B-BD9403BC83A8}.Release|Any CPU.ActiveCfg = Release|Any CPU
		{2E53A3E6-D5F9-4514-B34B-BD9403BC83A8}.Release|Any CPU.Build.0 = Release|Any CPU
	EndGlobalSection
	GlobalSection(SolutionProperties) = preSolution
		HideSolutionNode = FALSE
	EndGlobalSection
	GlobalSection(ExtensibilityGlobals) = postSolution
		SolutionGuid = {5A5C2660-B76E-428B-878C-4580B5B400AC}
	EndGlobalSection
EndGlobal
